
Microsoft Visual Studio Solution File, Format Version 12.00
# Visual Studio Version 16
VisualStudioVersion = 16.0.30717.126
MinimumVisualStudioVersion = 10.0.40219.1
Project("{FAE04EC0-301F-11D3-BF4B-00C04F79EFBC}") = "ArmageddonMounter", "ArmageddonMounter\ArmageddonMounter.csproj", "{A8F3E61A-0778-40F5-A8CB-D24F2CAD377D}"
EndProject
Global
	GlobalSection(SolutionConfigurationPlatforms) = preSolution
		Debug|Any CPU = Debug|Any CPU
		Release|Any CPU = Release|Any CPU
	EndGlobalSection
	GlobalSection(ProjectConfigurationPlatforms) = postSolution
		{A8F3E61A-0778-40F5-A8CB-D24F2CAD377D}.Debug|Any CPU.ActiveCfg = Debug|Any CPU
		{A8F3E61A-0778-40F5-A8CB-D24F2CAD377D}.Debug|Any CPU.Build.0 = Debug|Any CPU
		{A8F3E61A-0778-40F5-A8CB-D24F2CAD377D}.Release|Any CPU.ActiveCfg = Release|Any CPU
		{A8F3E61A-0778-40F5-A8CB-D24F2CAD377D}.Release|Any CPU.Build.0 = Release|Any CPU
	EndGlobalSection
	GlobalSection(SolutionProperties) = preSolution
		HideSolutionNode = FALSE
	EndGlobalSection
	GlobalSection(ExtensibilityGlobals) = postSolution
		SolutionGuid = {FEE1A63B-C374-4055-9F17-251CFC876A9F}
	EndGlobalSection
EndGlobal
