
Microsoft Visual Studio Solution File, Format Version 12.00
# Visual Studio Version 16
VisualStudioVersion = 16.0.30717.126
MinimumVisualStudioVersion = 10.0.40219.1
Project("{FAE04EC0-301F-11D3-BF4B-00C04F79EFBC}") = "ArmageddonMounter", "ArmageddonMounter\ArmageddonMounter.csproj", "{A8F3E61A-0778-40F5-A8CB-D24F2CAD377D}"
	ProjectSection(ProjectDependencies) = postProject
		{6503679F-ED8F-423D-8A3A-328B1291CD95} = {6503679F-ED8F-423D-8A3A-328B1291CD95}
	EndProjectSection
EndProject
Project("{8BC9CEB8-8B4A-11D0-8D11-00A0C91BC942}") = "PngCheatBox", "PngCheatBox\PngCheatBox.vcxproj", "{6503679F-ED8F-423D-8A3A-328B1291CD95}"
EndProject
Project("{9A19103F-16F7-4668-BE54-9A1E7A4F7556}") = "ArmageddonEncoder", "ArmageddonEncoder\ArmageddonEncoder.csproj", "{6CF40194-85E7-4D38-86ED-FCF3D9054385}"
EndProject
Global
	GlobalSection(SolutionConfigurationPlatforms) = preSolution
		Debug|x64 = Debug|x64
		Release|x64 = Release|x64
	EndGlobalSection
	GlobalSection(ProjectConfigurationPlatforms) = postSolution
		{A8F3E61A-0778-40F5-A8CB-D24F2CAD377D}.Debug|x64.ActiveCfg = Debug|Any CPU
		{A8F3E61A-0778-40F5-A8CB-D24F2CAD377D}.Debug|x64.Build.0 = Debug|Any CPU
		{A8F3E61A-0778-40F5-A8CB-D24F2CAD377D}.Release|x64.ActiveCfg = Release|Any CPU
		{A8F3E61A-0778-40F5-A8CB-D24F2CAD377D}.Release|x64.Build.0 = Release|Any CPU
		{6503679F-ED8F-423D-8A3A-328B1291CD95}.Debug|x64.ActiveCfg = Debug|x64
		{6503679F-ED8F-423D-8A3A-328B1291CD95}.Debug|x64.Build.0 = Debug|x64
		{6503679F-ED8F-423D-8A3A-328B1291CD95}.Release|x64.ActiveCfg = Release|x64
		{6503679F-ED8F-423D-8A3A-328B1291CD95}.Release|x64.Build.0 = Release|x64
		{6CF40194-85E7-4D38-86ED-FCF3D9054385}.Debug|x64.ActiveCfg = Debug|Any CPU
		{6CF40194-85E7-4D38-86ED-FCF3D9054385}.Debug|x64.Build.0 = Debug|Any CPU
		{6CF40194-85E7-4D38-86ED-FCF3D9054385}.Release|x64.ActiveCfg = Release|Any CPU
		{6CF40194-85E7-4D38-86ED-FCF3D9054385}.Release|x64.Build.0 = Release|Any CPU
	EndGlobalSection
	GlobalSection(SolutionProperties) = preSolution
		HideSolutionNode = FALSE
	EndGlobalSection
	GlobalSection(ExtensibilityGlobals) = postSolution
		SolutionGuid = {FEE1A63B-C374-4055-9F17-251CFC876A9F}
	EndGlobalSection
EndGlobal
